---
lockfileVersion: 1
lockfileVendor: redhat
arches:
- arch: aarch64
  packages:
  - url: https://cdn.redhat.com/content/dist/rhel9/9.4/aarch64/baseos/os/Packages/t/tar-1.34-6.el9_4.1.aarch64.rpm
    repoid: rhel-9-for-aarch64-baseos-rpms
    size: 900224
    checksum: sha256:f2b65a333b9de17af1f71e27c7540fa23d85cbe98774a246eb70547d028027da
    name: tar
    evr: 2:1.34-6.el9_4.1
    sourcerpm: tar-1.34-6.el9_4.1.src.rpm
  - url: https://cdn.redhat.com/content/dist/rhel9/9.4/aarch64/baseos/os/Packages/u/util-linux-core-2.37.4-18.el9.aarch64.rpm
    repoid: rhel-9-for-aarch64-baseos-rpms
    size: 477963
    checksum: sha256:16dfccafa090ff446a374e81e11224e396f44b9c20eba9144cfb48d46a71f3e1
    name: util-linux-core
    evr: 2.37.4-18.el9
    sourcerpm: util-linux-2.37.4-18.el9.src.rpm
  - url: https://cdn.redhat.com/content/eus/rhel9/9.4/aarch64/baseos/os/Packages/r/rsync-3.2.3-19.el9_4.1.aarch64.rpm
    repoid: rhel-9-for-aarch64-baseos-eus-rpms
    size: 404393
    checksum: sha256:86802e6f9fa68bcef00aabe04bcf601201292cf9bf79370992d11dbb853ddc1c
    name: rsync
    evr: 3.2.3-19.el9_4.1
    sourcerpm: rsync-3.2.3-19.el9_4.1.src.rpm
  source: []
  module_metadata: []
- arch: x86_64
  packages:
  - url: https://cdn.redhat.com/content/dist/rhel9/9.4/x86_64/baseos/os/Packages/t/tar-1.34-6.el9_4.1.x86_64.rpm
    repoid: rhel-9-for-x86_64-baseos-rpms
    size: 910343
    checksum: sha256:76f2f5fd1f37153d51a697659db31bd2a672a1a4536b42ce020cf9602ea3cde7
    name: tar
    evr: 2:1.34-6.el9_4.1
    sourcerpm: tar-1.34-6.el9_4.1.src.rpm
  - url: https://cdn.redhat.com/content/dist/rhel9/9.4/x86_64/baseos/os/Packages/u/util-linux-core-2.37.4-18.el9.x86_64.rpm
    repoid: rhel-9-for-x86_64-baseos-rpms
    size: 480160
    checksum: sha256:f344470b51f9cfdbc499b134c6d5d399f4011cec5250525f233de2d4199bf25e
    name: util-linux-core
    evr: 2.37.4-18.el9
    sourcerpm: util-linux-2.37.4-18.el9.src.rpm
  - url: https://cdn.redhat.com/content/eus/rhel9/9.4/x86_64/baseos/os/Packages/r/rsync-3.2.3-19.el9_4.1.x86_64.rpm
    repoid: rhel-9-for-x86_64-baseos-eus-rpms
    size: 409798
    checksum: sha256:9202697f872c6bce4e3be7ed61eaa15fc48bf76673ce8f3a48fe94c414a5f783
    name: rsync
    evr: 3.2.3-19.el9_4.1
    sourcerpm: rsync-3.2.3-19.el9_4.1.src.rpm
  source: []
  module_metadata: []
