---
lockfileVersion: 1
lockfileVendor: redhat
arches:
- arch: x86_64
  packages:
  - url: https://cdn-ubi.redhat.com/content/public/ubi/dist/ubi9/9/x86_64/baseos/os/Packages/l/libblkid-2.37.4-21.el9_7.x86_64.rpm
    repoid: ubi-9-for-x86_64-baseos-rpms
    size: 113836
    checksum: sha256:1220fd34bbe71b9aef8c76921eb893681e5e1cf8378a4b65f5c762ff44acb54d
    name: libblkid
    evr: 2.37.4-21.el9_7
    sourcerpm: util-linux-2.37.4-21.el9_7.src.rpm
  - url: https://cdn-ubi.redhat.com/content/public/ubi/dist/ubi9/9/x86_64/baseos/os/Packages/l/libmount-2.37.4-21.el9_7.x86_64.rpm
    repoid: ubi-9-for-x86_64-baseos-rpms
    size: 141779
    checksum: sha256:ffb6163cf57329e2216f7c3470ad4508dd93db5f4dbb03099272cfff006b8b8c
    name: libmount
    evr: 2.37.4-21.el9_7
    sourcerpm: util-linux-2.37.4-21.el9_7.src.rpm
  - url: https://cdn-ubi.redhat.com/content/public/ubi/dist/ubi9/9/x86_64/baseos/os/Packages/l/libsmartcols-2.37.4-21.el9_7.x86_64.rpm
    repoid: ubi-9-for-x86_64-baseos-rpms
    size: 68171
    checksum: sha256:4bd36af2f8431ef671702f2ee82d4676f5430b2ae9896a946461ef5fbd111213
    name: libsmartcols
    evr: 2.37.4-21.el9_7
    sourcerpm: util-linux-2.37.4-21.el9_7.src.rpm
  - url: https://cdn-ubi.redhat.com/content/public/ubi/dist/ubi9/9/x86_64/baseos/os/Packages/l/libuuid-2.37.4-21.el9_7.x86_64.rpm
    repoid: ubi-9-for-x86_64-baseos-rpms
    size: 32512
    checksum: sha256:3e37247269ee0aa0ca2608bde2562d52e7347bd393367c485b9ccfe7cdc931ce
    name: libuuid
    evr: 2.37.4-21.el9_7
    sourcerpm: util-linux-2.37.4-21.el9_7.src.rpm
  - url: https://cdn-ubi.redhat.com/content/public/ubi/dist/ubi9/9/x86_64/baseos/os/Packages/r/rsync-3.2.5-3.el9.x86_64.rpm
    repoid: ubi-9-for-x86_64-baseos-rpms
    size: 421930
    checksum: sha256:b1d90c38b613f2d66dfe0c7c3d067a3ce429f7b2ec5224e560f326fc2fd8d1e5
    name: rsync
    evr: 3.2.5-3.el9
    sourcerpm: rsync-3.2.5-3.el9.src.rpm
  - url: https://cdn-ubi.redhat.com/content/public/ubi/dist/ubi9/9/x86_64/baseos/os/Packages/t/tar-1.34-9.el9_7.x86_64.rpm
    repoid: ubi-9-for-x86_64-baseos-rpms
    size: 906521
    checksum: sha256:4c0beb933074a5254c297e8968b3f41ec5a02b23056997ddcf526fe7e6166482
    name: tar
    evr: 2:1.34-9.el9_7
    sourcerpm: tar-1.34-9.el9_7.src.rpm
  - url: https://cdn-ubi.redhat.com/content/public/ubi/dist/ubi9/9/x86_64/baseos/os/Packages/u/util-linux-core-2.37.4-21.el9_7.x86_64.rpm
    repoid: ubi-9-for-x86_64-baseos-rpms
    size: 475071
    checksum: sha256:ac86e01cb061c529b3becdb824e7f62d5ca70f6984f7f775f5355ec13dcbc087
    name: util-linux-core
    evr: 2.37.4-21.el9_7
    sourcerpm: util-linux-2.37.4-21.el9_7.src.rpm
  source: []
  module_metadata: []
